{
    "_readme": [
        "This file locks the dependencies of your project to a known state",
        "Read more about it at https://getcomposer.org/doc/01-basic-usage.md#installing-dependencies",
        "This file is @generated automatically"
    ],
    "content-hash": "b5e6aa854fd25fcb6264d202562af478",
    "packages": [
        {
            "name": "srag/custominputguis",
            "version": "0.41.2",
            "source": {
                "type": "git",
                "url": "https://github.com/studer-raimann/CustomInputGUIs.git",
                "reference": "cbbbb3cf2e9857db12a349bcf878192b7bb0ea18"
            },
            "dist": {
                "type": "zip",
                "url": "https://api.github.com/repos/studer-raimann/CustomInputGUIs/zipball/cbbbb3cf2e9857db12a349bcf878192b7bb0ea18",
                "reference": "cbbbb3cf2e9857db12a349bcf878192b7bb0ea18",
                "shasum": ""
            },
            "require": {
                "php": ">=7.0",
                "srag/dic": ">=0.1.0"
            },
            "require-dev": {
                "srag/generateplugininfoshelper": ">=0.1.0"
            },
            "type": "library",
            "extra": {
                "ilias_plugin": {
                    "ilias_min_version": "5.4.0",
                    "ilias_max_version": "6.999"
                },
                "generate_plugin_readme_template": "SRAG_ILIAS_LIBRARY"
            },
            "autoload": {
                "psr-4": {
                    "srag\\CustomInputGUIs\\": "src/"
                },
                "classmap": [
                    "src/MultiSelectSearchNewInputGUI/class.ObjectChildrenAjaxAutoCompleteCtrl.php",
                    "src/MultiSelectSearchNewInputGUI/class.ObjectsAjaxAutoCompleteCtrl.php",
                    "src/MultiSelectSearchNewInputGUI/class.OrgUnitAjaxAutoCompleteCtrl.php",
                    "src/MultiSelectSearchNewInputGUI/class.UsersAjaxAutoCompleteCtrl.php"
                ]
            },
            "notification-url": "https://packagist.org/downloads/",
            "license": [
                "GPL-3.0-only"
            ],
            "authors": [
                {
                    "name": "studer + raimann ag - Team Custom 1",
                    "email": "support-custom1@studer-raimann.ch",
                    "homepage": "https://studer-raimann.ch",
                    "role": "Developer"
                }
            ],
            "description": "Custom Input-GUI's",
            "homepage": "https://github.com/studer-raimann/CustomInputGUIs",
            "keywords": [
                "ILIAS",
                "PropertyForm",
                "gui",
                "input",
                "table"
            ],
            "time": "2020-11-13T09:45:09+00:00"
        },
        {
            "name": "srag/dic",
            "version": "0.31.1",
            "source": {
                "type": "git",
                "url": "https://github.com/studer-raimann/DIC.git",
                "reference": "099f48eebc89272d9954adb0dd28a4ee362cb7fd"
            },
            "dist": {
                "type": "zip",
                "url": "https://api.github.com/repos/studer-raimann/DIC/zipball/099f48eebc89272d9954adb0dd28a4ee362cb7fd",
                "reference": "099f48eebc89272d9954adb0dd28a4ee362cb7fd",
                "shasum": ""
            },
            "require": {
                "php": ">=7.0"
            },
            "require-dev": {
                "srag/generateplugininfoshelper": ">=0.1.0"
            },
            "type": "library",
            "extra": {
                "ilias_plugin": {
                    "ilias_min_version": "5.4.0",
                    "ilias_max_version": "6.999"
                },
                "generate_plugin_readme_template": "SRAG_ILIAS_LIBRARY"
            },
            "autoload": {
                "psr-4": {
                    "srag\\DIC\\": "src/"
                }
            },
            "notification-url": "https://packagist.org/downloads/",
            "license": [
                "GPL-3.0-only"
            ],
            "authors": [
                {
                    "name": "studer + raimann ag - Team Custom 1",
                    "email": "support-custom1@studer-raimann.ch",
                    "homepage": "https://studer-raimann.ch",
                    "role": "Developer"
                }
            ],
            "description": "Use all ILIAS globals in your class",
            "homepage": "https://github.com/studer-raimann/DIC",
            "keywords": [
                "ILIAS",
                "dic",
                "globals",
                "trait"
            ],
            "time": "2020-12-02T09:10:08+00:00"
        }
    ],
    "packages-dev": [],
    "aliases": [],
    "minimum-stability": "stable",
    "stability-flags": [],
    "prefer-stable": false,
    "prefer-lowest": false,
    "platform": [],
    "platform-dev": [],
    "plugin-api-version": "1.1.0"
}
